Microsoft Visual Studio Solution File, Format Version 12.00
# Visual Studio Version 17
VisualStudioVersion = 17.0.31423.177
MinimumVisualStudioVersion = 10.0.40219.1
Project("{2150E333-8FDC-42A3-9474-1A3956D46DE8}") = "src", "src", "{C72CA4D2-5297-46F5-A037-371D5000844D}"
EndProject
Project("{2150E333-8FDC-42A3-9474-1A3956D46DE8}") = "samples", "samples", "{DD36C5E8-21CC-4232-9619-BE834039B53B}"
EndProject
Project("{9A19103F-16F7-4668-BE54-9A1E7A4F7556}") = "janono.ado.testcase.associate.cli", "src\janono.ado.testcase.associate.cli\janono.ado.testcase.associate.cli.csproj", "{05AEE88A-63A4-47F5-9CC8-1369767DFD3D}"
EndProject
Project("{2150E333-8FDC-42A3-9474-1A3956D46DE8}") = "tests", "tests", "{7AAB63E6-8B9E-4952-A6EC-CD1F0D759309}"
EndProject
Project("{9A19103F-16F7-4668-BE54-9A1E7A4F7556}") = "janono.ado.testcase.associate.cli.unittests", "test\janono.ado.testcase.associate.cli.unittests\janono.ado.testcase.associate.cli.unittests.csproj", "{A92CCD95-E7CF-4E42-AAB7-020CF6E97AEF}"
EndProject
Project("{9A19103F-16F7-4668-BE54-9A1E7A4F7556}") = "sample.for_unit_t_est.01", "samples\sample.for.t_ests.01\sample.for_unit_t_est.01\sample.for_unit_t_est.01.csproj", "{EF338545-251F-4ABD-9B3D-14F32A4922CF}"
EndProject
Project("{9A19103F-16F7-4668-BE54-9A1E7A4F7556}") = "sample.for_unit_t_est.02", "samples\sample.for_unit_t_est.02\sample.for_unit_t_est.02.csproj", "{67641341-E1C8-474A-B72E-6BA617A4FB41}"
EndProject
Project("{9A19103F-16F7-4668-BE54-9A1E7A4F7556}") = "sample.for_unit_t_est.03", "samples\sample.for_unit_t_est.03\sample.for_unit_t_est.03.csproj", "{B5FAF295-843E-44D3-8BAB-EFBDA23B01B6}"
EndProject
Project("{9A19103F-16F7-4668-BE54-9A1E7A4F7556}") = "sample.for_xunit_t_est.04", "samples\sample.for_xunit_t_est.04\sample.for_xunit_t_est.04.csproj", "{5B0994A0-2E37-4358-B153-23112483C13A}"
EndProject
Global
	GlobalSection(SolutionConfigurationPlatforms) = preSolution
		Debug|Any CPU = Debug|Any CPU
		Release|Any CPU = Release|Any CPU
	EndGlobalSection
	GlobalSection(ProjectConfigurationPlatforms) = postSolution
		{05AEE88A-63A4-47F5-9CC8-1369767DFD3D}.Debug|Any CPU.ActiveCfg = Debug|Any CPU
		{05AEE88A-63A4-47F5-9CC8-1369767DFD3D}.Debug|Any CPU.Build.0 = Debug|Any CPU
		{05AEE88A-63A4-47F5-9CC8-1369767DFD3D}.Release|Any CPU.ActiveCfg = Release|Any CPU
		{05AEE88A-63A4-47F5-9CC8-1369767DFD3D}.Release|Any CPU.Build.0 = Release|Any CPU
		{A92CCD95-E7CF-4E42-AAB7-020CF6E97AEF}.Debug|Any CPU.ActiveCfg = Debug|Any CPU
		{A92CCD95-E7CF-4E42-AAB7-020CF6E97AEF}.Debug|Any CPU.Build.0 = Debug|Any CPU
		{A92CCD95-E7CF-4E42-AAB7-020CF6E97AEF}.Release|Any CPU.ActiveCfg = Release|Any CPU
		{A92CCD95-E7CF-4E42-AAB7-020CF6E97AEF}.Release|Any CPU.Build.0 = Release|Any CPU
		{EF338545-251F-4ABD-9B3D-14F32A4922CF}.Debug|Any CPU.ActiveCfg = Debug|Any CPU
		{EF338545-251F-4ABD-9B3D-14F32A4922CF}.Debug|Any CPU.Build.0 = Debug|Any CPU
		{EF338545-251F-4ABD-9B3D-14F32A4922CF}.Release|Any CPU.ActiveCfg = Release|Any CPU
		{EF338545-251F-4ABD-9B3D-14F32A4922CF}.Release|Any CPU.Build.0 = Release|Any CPU
		{67641341-E1C8-474A-B72E-6BA617A4FB41}.Debug|Any CPU.ActiveCfg = Debug|Any CPU
		{67641341-E1C8-474A-B72E-6BA617A4FB41}.Debug|Any CPU.Build.0 = Debug|Any CPU
		{67641341-E1C8-474A-B72E-6BA617A4FB41}.Release|Any CPU.ActiveCfg = Release|Any CPU
		{67641341-E1C8-474A-B72E-6BA617A4FB41}.Release|Any CPU.Build.0 = Release|Any CPU
		{B5FAF295-843E-44D3-8BAB-EFBDA23B01B6}.Debug|Any CPU.ActiveCfg = Debug|Any CPU
		{B5FAF295-843E-44D3-8BAB-EFBDA23B01B6}.Debug|Any CPU.Build.0 = Debug|Any CPU
		{B5FAF295-843E-44D3-8BAB-EFBDA23B01B6}.Release|Any CPU.ActiveCfg = Release|Any CPU
		{B5FAF295-843E-44D3-8BAB-EFBDA23B01B6}.Release|Any CPU.Build.0 = Release|Any CPU
		{5B0994A0-2E37-4358-B153-23112483C13A}.Debug|Any CPU.ActiveCfg = Debug|Any CPU
		{5B0994A0-2E37-4358-B153-23112483C13A}.Debug|Any CPU.Build.0 = Debug|Any CPU
		{5B0994A0-2E37-4358-B153-23112483C13A}.Release|Any CPU.ActiveCfg = Release|Any CPU
		{5B0994A0-2E37-4358-B153-23112483C13A}.Release|Any CPU.Build.0 = Release|Any CPU
	EndGlobalSection
	GlobalSection(SolutionProperties) = preSolution
		HideSolutionNode = FALSE
	EndGlobalSection
	GlobalSection(NestedProjects) = preSolution
		{05AEE88A-63A4-47F5-9CC8-1369767DFD3D} = {C72CA4D2-5297-46F5-A037-371D5000844D}
		{A92CCD95-E7CF-4E42-AAB7-020CF6E97AEF} = {7AAB63E6-8B9E-4952-A6EC-CD1F0D759309}
		{EF338545-251F-4ABD-9B3D-14F32A4922CF} = {DD36C5E8-21CC-4232-9619-BE834039B53B}
		{67641341-E1C8-474A-B72E-6BA617A4FB41} = {DD36C5E8-21CC-4232-9619-BE834039B53B}
		{B5FAF295-843E-44D3-8BAB-EFBDA23B01B6} = {DD36C5E8-21CC-4232-9619-BE834039B53B}
		{5B0994A0-2E37-4358-B153-23112483C13A} = {DD36C5E8-21CC-4232-9619-BE834039B53B}
	EndGlobalSection
	GlobalSection(ExtensibilityGlobals) = postSolution
		SolutionGuid = {5992F2C5-BF00-4B89-93B4-FECEFEA80FEB}
	EndGlobalSection
EndGlobal
